// !$*UTF8*$!
{
	archiveVersion = 1;
	classes = {
	};
	objectVersion = 55;
	objects = {

/* Begin PBXBuildFile section */
		820799B42A05852A0055C85F /* entertainment.mp3 in Resources */ = {isa = PBXBuildFile; fileRef = 820799AE2A05852A0055C85F /* entertainment.mp3 */; };
		820799B52A05852A0055C85F /* newspaper.mp3 in Resources */ = {isa = PBXBuildFile; fileRef = 820799AF2A05852A0055C85F /* newspaper.mp3 */; };
		820799B62A05852A0055C85F /* dice.wav in Resources */ = {isa = PBXBuildFile; fileRef = 820799B02A05852A0055C85F /* dice.wav */; };
		820799B72A05852A0055C85F /* technology.wav in Resources */ = {isa = PBXBuildFile; fileRef = 820799B12A05852A0055C85F /* technology.wav */; };
		820799B82A05852A0055C85F /* business.mp3 in Resources */ = {isa = PBXBuildFile; fileRef = 820799B22A05852A0055C85F /* business.mp3 */; };
		820799B92A05852A0055C85F /* sport.wav in Resources */ = {isa = PBXBuildFile; fileRef = 820799B32A05852A0055C85F /* sport.wav */; };
		820799C12A0585930055C85F /* NewsService.swift in Sources */ = {isa = PBXBuildFile; fileRef = 820799C02A0585930055C85F /* NewsService.swift */; };
		820799C62A0586440055C85F /* TopNewsListView.swift in Sources */ = {isa = PBXBuildFile; fileRef = 820799C52A0586440055C85F /* TopNewsListView.swift */; };
		820799CA2A0587470055C85F /* TopNewsListViewViewModel.swift in Sources */ = {isa = PBXBuildFile; fileRef = 820799C92A0587470055C85F /* TopNewsListViewViewModel.swift */; };
		820799CC2A0588000055C85F /* NewsCategory.swift in Sources */ = {isa = PBXBuildFile; fileRef = 820799CB2A0588000055C85F /* NewsCategory.swift */; };
		820799CF2A058B690055C85F /* ArticlesListView.swift in Sources */ = {isa = PBXBuildFile; fileRef = 820799CE2A058B690055C85F /* ArticlesListView.swift */; };
		820799D12A058C760055C85F /* ArticleCell.swift in Sources */ = {isa = PBXBuildFile; fileRef = 820799D02A058C760055C85F /* ArticleCell.swift */; };
		820799D72A058D7A0055C85F /* NewsCategoriesListView.swift in Sources */ = {isa = PBXBuildFile; fileRef = 820799D62A058D7A0055C85F /* NewsCategoriesListView.swift */; };
		820799D92A058DA70055C85F /* NewsCategoriesListViewViewModel.swift in Sources */ = {isa = PBXBuildFile; fileRef = 820799D82A058DA70055C85F /* NewsCategoriesListViewViewModel.swift */; };
		820799DE2A0592D80055C85F /* CurrentCategoryNewsListViewViewModel.swift in Sources */ = {isa = PBXBuildFile; fileRef = 820799DD2A0592D80055C85F /* CurrentCategoryNewsListViewViewModel.swift */; };
		820799E02A05936C0055C85F /* CurrentCategoryNewsListView.swift in Sources */ = {isa = PBXBuildFile; fileRef = 820799DF2A05936C0055C85F /* CurrentCategoryNewsListView.swift */; };
		820799E32A0595110055C85F /* AudioPlayer.swift in Sources */ = {isa = PBXBuildFile; fileRef = 820799E22A0595110055C85F /* AudioPlayer.swift */; };
		820799E52A0597F80055C85F /* NewsCategoryCell.swift in Sources */ = {isa = PBXBuildFile; fileRef = 820799E42A0597F80055C85F /* NewsCategoryCell.swift */; };
		820799E72A05982E0055C85F /* RoundedImageView.swift in Sources */ = {isa = PBXBuildFile; fileRef = 820799E62A05982E0055C85F /* RoundedImageView.swift */; };
		820799EA2A059FDA0055C85F /* SpeechRecognitionManager.swift in Sources */ = {isa = PBXBuildFile; fileRef = 820799E92A059FDA0055C85F /* SpeechRecognitionManager.swift */; };
		820799EF2A05A0DC0055C85F /* SearchNewsListViewViewModel.swift in Sources */ = {isa = PBXBuildFile; fileRef = 820799EE2A05A0DC0055C85F /* SearchNewsListViewViewModel.swift */; };
		820799F12A05A4690055C85F /* Categories.swift in Sources */ = {isa = PBXBuildFile; fileRef = 820799F02A05A4690055C85F /* Categories.swift */; };
		820799F42A05AB680055C85F /* RandomManager.swift in Sources */ = {isa = PBXBuildFile; fileRef = 820799F32A05AB680055C85F /* RandomManager.swift */; };
		820799F82A05BD3B0055C85F /* News.swift in Sources */ = {isa = PBXBuildFile; fileRef = 820799F72A05BD3B0055C85F /* News.swift */; };
		820799FA2A05BD4D0055C85F /* Source.swift in Sources */ = {isa = PBXBuildFile; fileRef = 820799F92A05BD4D0055C85F /* Source.swift */; };
		820799FF2A05CB0F0055C85F /* RandomNewsListViewViewModel.swift in Sources */ = {isa = PBXBuildFile; fileRef = 820799FE2A05CB0F0055C85F /* RandomNewsListViewViewModel.swift */; };
		82079A012A05CBD80055C85F /* RandomNewsListView.swift in Sources */ = {isa = PBXBuildFile; fileRef = 82079A002A05CBD80055C85F /* RandomNewsListView.swift */; };
		823CBF4B28903AEC0065F33E /* SplashView.swift in Sources */ = {isa = PBXBuildFile; fileRef = 823CBF4A28903AEC0065F33E /* SplashView.swift */; };
		82490F512A08155700C9A6CF /* SpringImageView.swift in Sources */ = {isa = PBXBuildFile; fileRef = 82490F502A08155700C9A6CF /* SpringImageView.swift */; };
		826263192A27F429003C9E98 /* SettingsSectionModel.swift in Sources */ = {isa = PBXBuildFile; fileRef = 826263182A27F429003C9E98 /* SettingsSectionModel.swift */; };
		82808E792A310C8000DEEB16 /* InteractiveOptionCell.swift in Sources */ = {isa = PBXBuildFile; fileRef = 82808E782A310C8000DEEB16 /* InteractiveOptionCell.swift */; };
		82808E7B2A310D6F00DEEB16 /* ShakeToGenerateOptionCell.swift in Sources */ = {isa = PBXBuildFile; fileRef = 82808E7A2A310D6F00DEEB16 /* ShakeToGenerateOptionCell.swift */; };
		8284C917288C1F0B00AF71EB /* SearchNewsListView.swift in Sources */ = {isa = PBXBuildFile; fileRef = 8284C914288C1F0B00AF71EB /* SearchNewsListView.swift */; };
		82C2A847288EE40400CD18E2 /* HidableTabView in Frameworks */ = {isa = PBXBuildFile; productRef = 82C2A846288EE40400CD18E2 /* HidableTabView */; };
		82D8464C28839C8000C766CD /* NewsApp.swift in Sources */ = {isa = PBXBuildFile; fileRef = 82D8464B28839C8000C766CD /* NewsApp.swift */; };
		82D8464E28839C8000C766CD /* NewsTabView.swift in Sources */ = {isa = PBXBuildFile; fileRef = 82D8464D28839C8000C766CD /* NewsTabView.swift */; };
		82D8465028839C8200C766CD /* Assets.xcassets in Resources */ = {isa = PBXBuildFile; fileRef = 82D8464F28839C8200C766CD /* Assets.xcassets */; };
		82D8465328839C8200C766CD /* Preview Assets.xcassets in Resources */ = {isa = PBXBuildFile; fileRef = 82D8465228839C8200C766CD /* Preview Assets.xcassets */; };
		82D8466028839CDE00C766CD /* NewsCategoryModel.swift in Sources */ = {isa = PBXBuildFile; fileRef = 82D8465E28839CDD00C766CD /* NewsCategoryModel.swift */; };
		82D8466128839CDE00C766CD /* Article.swift in Sources */ = {isa = PBXBuildFile; fileRef = 82D8465F28839CDD00C766CD /* Article.swift */; };
		82D846932883C49300C766CD /* WebView.swift in Sources */ = {isa = PBXBuildFile; fileRef = 82D846922883C49300C766CD /* WebView.swift */; };
		82DC3A732A06D35A000D66E5 /* science.mp3 in Resources */ = {isa = PBXBuildFile; fileRef = 82DC3A722A06D359000D66E5 /* science.mp3 */; };
		82E7AB662A070C5D00452798 /* SettingsModel.swift in Sources */ = {isa = PBXBuildFile; fileRef = 82E7AB652A070C5D00452798 /* SettingsModel.swift */; };
		82E7AB682A070C9500452798 /* SettingsListView.swift in Sources */ = {isa = PBXBuildFile; fileRef = 82E7AB672A070C9500452798 /* SettingsListView.swift */; };
		82E7AB6A2A070C9F00452798 /* SettingsListViewViewModel.swift in Sources */ = {isa = PBXBuildFile; fileRef = 82E7AB692A070C9F00452798 /* SettingsListViewViewModel.swift */; };
		82F5E7392A30FC5300469F65 /* View + Extensions.swift in Sources */ = {isa = PBXBuildFile; fileRef = 82F5E7382A30FC5300469F65 /* View + Extensions.swift */; };
		9B80D11DDBAA294DDE39B500 /* Pods_News.framework in Frameworks */ = {isa = PBXBuildFile; fileRef = 5CED56429CEC800AEDC4FEEE /* Pods_News.framework */; };
/* End PBXBuildFile section */

/* Begin PBXFileReference section */
		3B91602091C3805AB88BF365 /* Pods-News.debug.xcconfig */ = {isa = PBXFileReference; includeInIndex = 1; lastKnownFileType = text.xcconfig; name = "Pods-News.debug.xcconfig"; path = "Target Support Files/Pods-News/Pods-News.debug.xcconfig"; sourceTree = "<group>"; };
		5CED56429CEC800AEDC4FEEE /* Pods_News.framework */ = {isa = PBXFileReference; explicitFileType = wrapper.framework; includeInIndex = 0; path = Pods_News.framework; sourceTree = BUILT_PRODUCTS_DIR; };
		820799AE2A05852A0055C85F /* entertainment.mp3 */ = {isa = PBXFileReference; lastKnownFileType = audio.mp3; path = entertainment.mp3; sourceTree = "<group>"; };
		820799AF2A05852A0055C85F /* newspaper.mp3 */ = {isa = PBXFileReference; lastKnownFileType = audio.mp3; path = newspaper.mp3; sourceTree = "<group>"; };
		820799B02A05852A0055C85F /* dice.wav */ = {isa = PBXFileReference; lastKnownFileType = audio.wav; path = dice.wav; sourceTree = "<group>"; };
		820799B12A05852A0055C85F /* technology.wav */ = {isa = PBXFileReference; lastKnownFileType = audio.wav; path = technology.wav; sourceTree = "<group>"; };
		820799B22A05852A0055C85F /* business.mp3 */ = {isa = PBXFileReference; lastKnownFileType = audio.mp3; path = business.mp3; sourceTree = "<group>"; };
		820799B32A05852A0055C85F /* sport.wav */ = {isa = PBXFileReference; lastKnownFileType = audio.wav; path = sport.wav; sourceTree = "<group>"; };
		820799C02A0585930055C85F /* NewsService.swift */ = {isa = PBXFileReference; lastKnownFileType = sourcecode.swift; path = NewsService.swift; sourceTree = "<group>"; };
		820799C52A0586440055C85F /* TopNewsListView.swift */ = {isa = PBXFileReference; lastKnownFileType = sourcecode.swift; path = TopNewsListView.swift; sourceTree = "<group>"; };
		820799C92A0587470055C85F /* TopNewsListViewViewModel.swift */ = {isa = PBXFileReference; lastKnownFileType = sourcecode.swift; path = TopNewsListViewViewModel.swift; sourceTree = "<group>"; };
		820799CB2A0588000055C85F /* NewsCategory.swift */ = {isa = PBXFileReference; lastKnownFileType = sourcecode.swift; path = NewsCategory.swift; sourceTree = "<group>"; };
		820799CE2A058B690055C85F /* ArticlesListView.swift */ = {isa = PBXFileReference; lastKnownFileType = sourcecode.swift; path = ArticlesListView.swift; sourceTree = "<group>"; };
		820799D02A058C760055C85F /* ArticleCell.swift */ = {isa = PBXFileReference; lastKnownFileType = sourcecode.swift; path = ArticleCell.swift; sourceTree = "<group>"; };
		820799D62A058D7A0055C85F /* NewsCategoriesListView.swift */ = {isa = PBXFileReference; lastKnownFileType = sourcecode.swift; path = NewsCategoriesListView.swift; sourceTree = "<group>"; };
		820799D82A058DA70055C85F /* NewsCategoriesListViewViewModel.swift */ = {isa = PBXFileReference; lastKnownFileType = sourcecode.swift; path = NewsCategoriesListViewViewModel.swift; sourceTree = "<group>"; };
		820799DD2A0592D80055C85F /* CurrentCategoryNewsListViewViewModel.swift */ = {isa = PBXFileReference; lastKnownFileType = sourcecode.swift; path = CurrentCategoryNewsListViewViewModel.swift; sourceTree = "<group>"; };
		820799DF2A05936C0055C85F /* CurrentCategoryNewsListView.swift */ = {isa = PBXFileReference; lastKnownFileType = sourcecode.swift; path = CurrentCategoryNewsListView.swift; sourceTree = "<group>"; };
		820799E22A0595110055C85F /* AudioPlayer.swift */ = {isa = PBXFileReference; lastKnownFileType = sourcecode.swift; path = AudioPlayer.swift; sourceTree = "<group>"; };
		820799E42A0597F80055C85F /* NewsCategoryCell.swift */ = {isa = PBXFileReference; lastKnownFileType = sourcecode.swift; path = NewsCategoryCell.swift; sourceTree = "<group>"; };
		820799E62A05982E0055C85F /* RoundedImageView.swift */ = {isa = PBXFileReference; lastKnownFileType = sourcecode.swift; path = RoundedImageView.swift; sourceTree = "<group>"; };
		820799E92A059FDA0055C85F /* SpeechRecognitionManager.swift */ = {isa = PBXFileReference; lastKnownFileType = sourcecode.swift; path = SpeechRecognitionManager.swift; sourceTree = "<group>"; };
		820799EE2A05A0DC0055C85F /* SearchNewsListViewViewModel.swift */ = {isa = PBXFileReference; lastKnownFileType = sourcecode.swift; path = SearchNewsListViewViewModel.swift; sourceTree = "<group>"; };
		820799F02A05A4690055C85F /* Categories.swift */ = {isa = PBXFileReference; lastKnownFileType = sourcecode.swift; path = Categories.swift; sourceTree = "<group>"; };
		820799F32A05AB680055C85F /* RandomManager.swift */ = {isa = PBXFileReference; lastKnownFileType = sourcecode.swift; path = RandomManager.swift; sourceTree = "<group>"; };
		820799F72A05BD3B0055C85F /* News.swift */ = {isa = PBXFileReference; lastKnownFileType = sourcecode.swift; path = News.swift; sourceTree = "<group>"; };
		820799F92A05BD4D0055C85F /* Source.swift */ = {isa = PBXFileReference; lastKnownFileType = sourcecode.swift; path = Source.swift; sourceTree = "<group>"; };
		820799FE2A05CB0F0055C85F /* RandomNewsListViewViewModel.swift */ = {isa = PBXFileReference; lastKnownFileType = sourcecode.swift; path = RandomNewsListViewViewModel.swift; sourceTree = "<group>"; };
		82079A002A05CBD80055C85F /* RandomNewsListView.swift */ = {isa = PBXFileReference; lastKnownFileType = sourcecode.swift; path = RandomNewsListView.swift; sourceTree = "<group>"; };
		823CBF4A28903AEC0065F33E /* SplashView.swift */ = {isa = PBXFileReference; lastKnownFileType = sourcecode.swift; path = SplashView.swift; sourceTree = "<group>"; };
		82490F502A08155700C9A6CF /* SpringImageView.swift */ = {isa = PBXFileReference; lastKnownFileType = sourcecode.swift; path = SpringImageView.swift; sourceTree = "<group>"; };
		826263182A27F429003C9E98 /* SettingsSectionModel.swift */ = {isa = PBXFileReference; lastKnownFileType = sourcecode.swift; path = SettingsSectionModel.swift; sourceTree = "<group>"; };
		82808E782A310C8000DEEB16 /* InteractiveOptionCell.swift */ = {isa = PBXFileReference; lastKnownFileType = sourcecode.swift; path = InteractiveOptionCell.swift; sourceTree = "<group>"; };
		82808E7A2A310D6F00DEEB16 /* ShakeToGenerateOptionCell.swift */ = {isa = PBXFileReference; lastKnownFileType = sourcecode.swift; path = ShakeToGenerateOptionCell.swift; sourceTree = "<group>"; };
		8284C914288C1F0B00AF71EB /* SearchNewsListView.swift */ = {isa = PBXFileReference; fileEncoding = 4; lastKnownFileType = sourcecode.swift; path = SearchNewsListView.swift; sourceTree = "<group>"; };
		82D8464828839C8000C766CD /* News.app */ = {isa = PBXFileReference; explicitFileType = wrapper.application; includeInIndex = 0; path = News.app; sourceTree = BUILT_PRODUCTS_DIR; };
		82D8464B28839C8000C766CD /* NewsApp.swift */ = {isa = PBXFileReference; lastKnownFileType = sourcecode.swift; path = NewsApp.swift; sourceTree = "<group>"; };
		82D8464D28839C8000C766CD /* NewsTabView.swift */ = {isa = PBXFileReference; lastKnownFileType = sourcecode.swift; path = NewsTabView.swift; sourceTree = "<group>"; };
		82D8464F28839C8200C766CD /* Assets.xcassets */ = {isa = PBXFileReference; lastKnownFileType = folder.assetcatalog; path = Assets.xcassets; sourceTree = "<group>"; };
		82D8465228839C8200C766CD /* Preview Assets.xcassets */ = {isa = PBXFileReference; lastKnownFileType = folder.assetcatalog; path = "Preview Assets.xcassets"; sourceTree = "<group>"; };
		82D8465E28839CDD00C766CD /* NewsCategoryModel.swift */ = {isa = PBXFileReference; fileEncoding = 4; lastKnownFileType = sourcecode.swift; path = NewsCategoryModel.swift; sourceTree = "<group>"; };
		82D8465F28839CDD00C766CD /* Article.swift */ = {isa = PBXFileReference; fileEncoding = 4; lastKnownFileType = sourcecode.swift; path = Article.swift; sourceTree = "<group>"; };
		82D846922883C49300C766CD /* WebView.swift */ = {isa = PBXFileReference; fileEncoding = 4; lastKnownFileType = sourcecode.swift; path = WebView.swift; sourceTree = "<group>"; };
		82D846942883C58400C766CD /* Info.plist */ = {isa = PBXFileReference; lastKnownFileType = text.plist.xml; name = Info.plist; path = News/sources/app/Info.plist; sourceTree = SOURCE_ROOT; };
		82DC3A722A06D359000D66E5 /* science.mp3 */ = {isa = PBXFileReference; lastKnownFileType = audio.mp3; path = science.mp3; sourceTree = "<group>"; };
		82E7AB652A070C5D00452798 /* SettingsModel.swift */ = {isa = PBXFileReference; lastKnownFileType = sourcecode.swift; path = SettingsModel.swift; sourceTree = "<group>"; };
		82E7AB672A070C9500452798 /* SettingsListView.swift */ = {isa = PBXFileReference; lastKnownFileType = sourcecode.swift; path = SettingsListView.swift; sourceTree = "<group>"; };
		82E7AB692A070C9F00452798 /* SettingsListViewViewModel.swift */ = {isa = PBXFileReference; lastKnownFileType = sourcecode.swift; path = SettingsListViewViewModel.swift; sourceTree = "<group>"; };
		82F5E7382A30FC5300469F65 /* View + Extensions.swift */ = {isa = PBXFileReference; lastKnownFileType = sourcecode.swift; path = "View + Extensions.swift"; sourceTree = "<group>"; };
		B56764FAE09A66810075B858 /* Pods-News.release.xcconfig */ = {isa = PBXFileReference; includeInIndex = 1; lastKnownFileType = text.xcconfig; name = "Pods-News.release.xcconfig"; path = "Target Support Files/Pods-News/Pods-News.release.xcconfig"; sourceTree = "<group>"; };
/* End PBXFileReference section */

/* Begin PBXFrameworksBuildPhase section */
		82D8464528839C8000C766CD /* Frameworks */ = {
			isa = PBXFrameworksBuildPhase;
			buildActionMask = 2147483647;
			files = (
				82C2A847288EE40400CD18E2 /* HidableTabView in Frameworks */,
				9B80D11DDBAA294DDE39B500 /* Pods_News.framework in Frameworks */,
			);
			runOnlyForDeploymentPostprocessing = 0;
		};
/* End PBXFrameworksBuildPhase section */

/* Begin PBXGroup section */
		379E06A3B7182A7E90957251 /* Pods */ = {
			isa = PBXGroup;
			children = (
				3B91602091C3805AB88BF365 /* Pods-News.debug.xcconfig */,
				B56764FAE09A66810075B858 /* Pods-News.release.xcconfig */,
			);
			path = Pods;
			sourceTree = "<group>";
		};
		820799BA2A0585460055C85F /* MVVM Modules */ = {
			isa = PBXGroup;
			children = (
				820799BB2A05854D0055C85F /* Top News MVVM */,
				820799D22A058D450055C85F /* News Categories MVVM */,
				820799DA2A0592AC0055C85F /* Current Category News MVVM */,
				820799FB2A05CAE90055C85F /* Random News MVVM */,
				820799EB2A05A0BC0055C85F /* Search News MVVM */,
				82E7AB612A070C2D00452798 /* Settings MVVM */,
			);
			path = "MVVM Modules";
			sourceTree = "<group>";
		};
		820799BB2A05854D0055C85F /* Top News MVVM */ = {
			isa = PBXGroup;
			children = (
				820799BD2A0585570055C85F /* View */,
				820799BC2A0585540055C85F /* ViewModel */,
			);
			path = "Top News MVVM";
			sourceTree = "<group>";
		};
		820799BC2A0585540055C85F /* ViewModel */ = {
			isa = PBXGroup;
			children = (
				820799C92A0587470055C85F /* TopNewsListViewViewModel.swift */,
			);
			path = ViewModel;
			sourceTree = "<group>";
		};
		820799BD2A0585570055C85F /* View */ = {
			isa = PBXGroup;
			children = (
				820799C52A0586440055C85F /* TopNewsListView.swift */,
			);
			path = View;
			sourceTree = "<group>";
		};
		820799BE2A05856E0055C85F /* Services */ = {
			isa = PBXGroup;
			children = (
				820799BF2A0585730055C85F /* API */,
				820799E12A0594F70055C85F /* Audio Player */,
				820799E82A059FC60055C85F /* Speech Recognition */,
				820799F22A05AB5A0055C85F /* Random */,
			);
			path = Services;
			sourceTree = "<group>";
		};
		820799BF2A0585730055C85F /* API */ = {
			isa = PBXGroup;
			children = (
				820799C72A0586570055C85F /* Models */,
				820799C82A05865F0055C85F /* Service */,
			);
			path = API;
			sourceTree = "<group>";
		};
		820799C22A0585E40055C85F /* sources */ = {
			isa = PBXGroup;
			children = (
				820799C42A0586030055C85F /* app */,
				82FF293828DE531A004263F4 /* sounds */,
			);
			path = sources;
			sourceTree = "<group>";
		};
		820799C32A0585E80055C85F /* resources */ = {
			isa = PBXGroup;
			children = (
				82F5E7372A30FC3E00469F65 /* Extensions */,
				82D8465A28839CB600C766CD /* Views */,
				820799BE2A05856E0055C85F /* Services */,
				820799BA2A0585460055C85F /* MVVM Modules */,
			);
			path = resources;
			sourceTree = "<group>";
		};
		820799C42A0586030055C85F /* app */ = {
			isa = PBXGroup;
			children = (
				82D8465128839C8200C766CD /* Preview Content */,
				82D8464B28839C8000C766CD /* NewsApp.swift */,
				82D846942883C58400C766CD /* Info.plist */,
				82D8464F28839C8200C766CD /* Assets.xcassets */,
			);
			path = app;
			sourceTree = "<group>";
		};
		820799C72A0586570055C85F /* Models */ = {
			isa = PBXGroup;
			children = (
				820799F72A05BD3B0055C85F /* News.swift */,
				82D8465F28839CDD00C766CD /* Article.swift */,
				820799F92A05BD4D0055C85F /* Source.swift */,
			);
			path = Models;
			sourceTree = "<group>";
		};
		820799C82A05865F0055C85F /* Service */ = {
			isa = PBXGroup;
			children = (
				820799C02A0585930055C85F /* NewsService.swift */,
			);
			path = Service;
			sourceTree = "<group>";
		};
		820799D22A058D450055C85F /* News Categories MVVM */ = {
			isa = PBXGroup;
			children = (
				820799D52A058D520055C85F /* Model */,
				820799D42A058D500055C85F /* View */,
				820799D32A058D4E0055C85F /* ViewModel */,
			);
			path = "News Categories MVVM";
			sourceTree = "<group>";
		};
		820799D32A058D4E0055C85F /* ViewModel */ = {
			isa = PBXGroup;
			children = (
				820799D82A058DA70055C85F /* NewsCategoriesListViewViewModel.swift */,
			);
			path = ViewModel;
			sourceTree = "<group>";
		};
		820799D42A058D500055C85F /* View */ = {
			isa = PBXGroup;
			children = (
				820799D62A058D7A0055C85F /* NewsCategoriesListView.swift */,
			);
			path = View;
			sourceTree = "<group>";
		};
		820799D52A058D520055C85F /* Model */ = {
			isa = PBXGroup;
			children = (
				82D8465E28839CDD00C766CD /* NewsCategoryModel.swift */,
				820799CB2A0588000055C85F /* NewsCategory.swift */,
				820799F02A05A4690055C85F /* Categories.swift */,
			);
			path = Model;
			sourceTree = "<group>";
		};
		820799DA2A0592AC0055C85F /* Current Category News MVVM */ = {
			isa = PBXGroup;
			children = (
				820799DC2A0592BD0055C85F /* View */,
				820799DB2A0592BB0055C85F /* ViewModel */,
			);
			path = "Current Category News MVVM";
			sourceTree = "<group>";
		};
		820799DB2A0592BB0055C85F /* ViewModel */ = {
			isa = PBXGroup;
			children = (
				820799DD2A0592D80055C85F /* CurrentCategoryNewsListViewViewModel.swift */,
			);
			path = ViewModel;
			sourceTree = "<group>";
		};
		820799DC2A0592BD0055C85F /* View */ = {
			isa = PBXGroup;
			children = (
				820799DF2A05936C0055C85F /* CurrentCategoryNewsListView.swift */,
			);
			path = View;
			sourceTree = "<group>";
		};
		820799E12A0594F70055C85F /* Audio Player */ = {
			isa = PBXGroup;
			children = (
				820799E22A0595110055C85F /* AudioPlayer.swift */,
			);
			path = "Audio Player";
			sourceTree = "<group>";
		};
		820799E82A059FC60055C85F /* Speech Recognition */ = {
			isa = PBXGroup;
			children = (
				820799E92A059FDA0055C85F /* SpeechRecognitionManager.swift */,
			);
			path = "Speech Recognition";
			sourceTree = "<group>";
		};
		820799EB2A05A0BC0055C85F /* Search News MVVM */ = {
			isa = PBXGroup;
			children = (
				820799ED2A05A0C90055C85F /* View */,
				820799EC2A05A0C70055C85F /* ViewModel */,
			);
			path = "Search News MVVM";
			sourceTree = "<group>";
		};
		820799EC2A05A0C70055C85F /* ViewModel */ = {
			isa = PBXGroup;
			children = (
				820799EE2A05A0DC0055C85F /* SearchNewsListViewViewModel.swift */,
			);
			path = ViewModel;
			sourceTree = "<group>";
		};
		820799ED2A05A0C90055C85F /* View */ = {
			isa = PBXGroup;
			children = (
				8284C914288C1F0B00AF71EB /* SearchNewsListView.swift */,
			);
			path = View;
			sourceTree = "<group>";
		};
		820799F22A05AB5A0055C85F /* Random */ = {
			isa = PBXGroup;
			children = (
				820799F32A05AB680055C85F /* RandomManager.swift */,
			);
			path = Random;
			sourceTree = "<group>";
		};
		820799FB2A05CAE90055C85F /* Random News MVVM */ = {
			isa = PBXGroup;
			children = (
				820799FD2A05CAF40055C85F /* View */,
				820799FC2A05CAF10055C85F /* ViewModel */,
			);
			path = "Random News MVVM";
			sourceTree = "<group>";
		};
		820799FC2A05CAF10055C85F /* ViewModel */ = {
			isa = PBXGroup;
			children = (
				820799FE2A05CB0F0055C85F /* RandomNewsListViewViewModel.swift */,
			);
			path = ViewModel;
			sourceTree = "<group>";
		};
		820799FD2A05CAF40055C85F /* View */ = {
			isa = PBXGroup;
			children = (
				82079A002A05CBD80055C85F /* RandomNewsListView.swift */,
			);
			path = View;
			sourceTree = "<group>";
		};
		82808E762A310C3E00DEEB16 /* Settings View */ = {
			isa = PBXGroup;
			children = (
				82E7AB672A070C9500452798 /* SettingsListView.swift */,
			);
			path = "Settings View";
			sourceTree = "<group>";
		};
		82808E772A310C4700DEEB16 /* Cells */ = {
			isa = PBXGroup;
			children = (
				82808E782A310C8000DEEB16 /* InteractiveOptionCell.swift */,
				82808E7A2A310D6F00DEEB16 /* ShakeToGenerateOptionCell.swift */,
			);
			path = Cells;
			sourceTree = "<group>";
		};
		82D8463F28839C8000C766CD = {
			isa = PBXGroup;
			children = (
				82D8464A28839C8000C766CD /* News */,
				82D8464928839C8000C766CD /* Products */,
				379E06A3B7182A7E90957251 /* Pods */,
				8E5CE4C6CA087121A0D8E5A5 /* Frameworks */,
			);
			sourceTree = "<group>";
		};
		82D8464928839C8000C766CD /* Products */ = {
			isa = PBXGroup;
			children = (
				82D8464828839C8000C766CD /* News.app */,
			);
			name = Products;
			sourceTree = "<group>";
		};
		82D8464A28839C8000C766CD /* News */ = {
			isa = PBXGroup;
			children = (
				820799C32A0585E80055C85F /* resources */,
				820799C22A0585E40055C85F /* sources */,
			);
			path = News;
			sourceTree = "<group>";
		};
		82D8465128839C8200C766CD /* Preview Content */ = {
			isa = PBXGroup;
			children = (
				82D8465228839C8200C766CD /* Preview Assets.xcassets */,
			);
			name = "Preview Content";
			path = "News/sources/app/Preview Content";
			sourceTree = SOURCE_ROOT;
		};
		82D8465A28839CB600C766CD /* Views */ = {
			isa = PBXGroup;
			children = (
				823CBF4A28903AEC0065F33E /* SplashView.swift */,
				820799E62A05982E0055C85F /* RoundedImageView.swift */,
				82490F502A08155700C9A6CF /* SpringImageView.swift */,
				82D8464D28839C8000C766CD /* NewsTabView.swift */,
				82D846922883C49300C766CD /* WebView.swift */,
				820799CE2A058B690055C85F /* ArticlesListView.swift */,
				820799D02A058C760055C85F /* ArticleCell.swift */,
				820799E42A0597F80055C85F /* NewsCategoryCell.swift */,
			);
			path = Views;
			sourceTree = "<group>";
		};
		82E7AB612A070C2D00452798 /* Settings MVVM */ = {
			isa = PBXGroup;
			children = (
				82E7AB642A070C4B00452798 /* Model */,
				82E7AB632A070C4900452798 /* View */,
				82E7AB622A070C4700452798 /* ViewModel */,
			);
			path = "Settings MVVM";
			sourceTree = "<group>";
		};
		82E7AB622A070C4700452798 /* ViewModel */ = {
			isa = PBXGroup;
			children = (
				82E7AB692A070C9F00452798 /* SettingsListViewViewModel.swift */,
			);
			path = ViewModel;
			sourceTree = "<group>";
		};
		82E7AB632A070C4900452798 /* View */ = {
			isa = PBXGroup;
			children = (
				82808E762A310C3E00DEEB16 /* Settings View */,
				82808E772A310C4700DEEB16 /* Cells */,
			);
			path = View;
			sourceTree = "<group>";
		};
		82E7AB642A070C4B00452798 /* Model */ = {
			isa = PBXGroup;
			children = (
				826263182A27F429003C9E98 /* SettingsSectionModel.swift */,
				82E7AB652A070C5D00452798 /* SettingsModel.swift */,
			);
			path = Model;
			sourceTree = "<group>";
		};
		82F5E7372A30FC3E00469F65 /* Extensions */ = {
			isa = PBXGroup;
			children = (
				82F5E7382A30FC5300469F65 /* View + Extensions.swift */,
			);
			path = Extensions;
			sourceTree = "<group>";
		};
		82FF293828DE531A004263F4 /* sounds */ = {
			isa = PBXGroup;
			children = (
				820799AF2A05852A0055C85F /* newspaper.mp3 */,
				820799B12A05852A0055C85F /* technology.wav */,
				820799B32A05852A0055C85F /* sport.wav */,
				820799B22A05852A0055C85F /* business.mp3 */,
				820799AE2A05852A0055C85F /* entertainment.mp3 */,
				82DC3A722A06D359000D66E5 /* science.mp3 */,
				820799B02A05852A0055C85F /* dice.wav */,
			);
			path = sounds;
			sourceTree = "<group>";
		};
		8E5CE4C6CA087121A0D8E5A5 /* Frameworks */ = {
			isa = PBXGroup;
			children = (
				5CED56429CEC800AEDC4FEEE /* Pods_News.framework */,
			);
			name = Frameworks;
			sourceTree = "<group>";
		};
/* End PBXGroup section */

/* Begin PBXNativeTarget section */
		82D8464728839C8000C766CD /* News */ = {
			isa = PBXNativeTarget;
			buildConfigurationList = 82D8465628839C8200C766CD /* Build configuration list for PBXNativeTarget "News" */;
			buildPhases = (
				6B78A5B0EB9EA66118BE36D9 /* [CP] Check Pods Manifest.lock */,
				82D8464428839C8000C766CD /* Sources */,
				82D8464528839C8000C766CD /* Frameworks */,
				82D8464628839C8000C766CD /* Resources */,
				CD49179A9FDB1CF1FDBD0318 /* [CP] Embed Pods Frameworks */,
			);
			buildRules = (
			);
			dependencies = (
			);
			name = News;
			packageProductDependencies = (
				82C2A846288EE40400CD18E2 /* HidableTabView */,
			);
			productName = News;
			productReference = 82D8464828839C8000C766CD /* News.app */;
			productType = "com.apple.product-type.application";
		};
/* End PBXNativeTarget section */

/* Begin PBXProject section */
		82D8464028839C8000C766CD /* Project object */ = {
			isa = PBXProject;
			attributes = {
				BuildIndependentTargetsInParallel = 1;
				LastSwiftUpdateCheck = 1330;
				LastUpgradeCheck = 1330;
				TargetAttributes = {
					82D8464728839C8000C766CD = {
						CreatedOnToolsVersion = 13.3.1;
					};
				};
			};
			buildConfigurationList = 82D8464328839C8000C766CD /* Build configuration list for PBXProject "News" */;
			compatibilityVersion = "Xcode 13.0";
			developmentRegion = en;
			hasScannedForEncodings = 0;
			knownRegions = (
				en,
				Base,
			);
			mainGroup = 82D8463F28839C8000C766CD;
			packageReferences = (
				82C2A845288EE40400CD18E2 /* XCRemoteSwiftPackageReference "HidableTabView-SwiftUI" */,
			);
			productRefGroup = 82D8464928839C8000C766CD /* Products */;
			projectDirPath = "";
			projectRoot = "";
			targets = (
				82D8464728839C8000C766CD /* News */,
			);
		};
/* End PBXProject section */

/* Begin PBXResourcesBuildPhase section */
		82D8464628839C8000C766CD /* Resources */ = {
			isa = PBXResourcesBuildPhase;
			buildActionMask = 2147483647;
			files = (
				820799B72A05852A0055C85F /* technology.wav in Resources */,
				820799B62A05852A0055C85F /* dice.wav in Resources */,
				820799B52A05852A0055C85F /* newspaper.mp3 in Resources */,
				82D8465328839C8200C766CD /* Preview Assets.xcassets in Resources */,
				82DC3A732A06D35A000D66E5 /* science.mp3 in Resources */,
				820799B42A05852A0055C85F /* entertainment.mp3 in Resources */,
				820799B92A05852A0055C85F /* sport.wav in Resources */,
				82D8465028839C8200C766CD /* Assets.xcassets in Resources */,
				820799B82A05852A0055C85F /* business.mp3 in Resources */,
			);
			runOnlyForDeploymentPostprocessing = 0;
		};
/* End PBXResourcesBuildPhase section */

/* Begin PBXShellScriptBuildPhase section */
		6B78A5B0EB9EA66118BE36D9 /* [CP] Check Pods Manifest.lock */ = {
			isa = PBXShellScriptBuildPhase;
			buildActionMask = 2147483647;
			files = (
			);
			inputFileListPaths = (
			);
			inputPaths = (
				"${PODS_PODFILE_DIR_PATH}/Podfile.lock",
				"${PODS_ROOT}/Manifest.lock",
			);
			name = "[CP] Check Pods Manifest.lock";
			outputFileListPaths = (
			);
			outputPaths = (
				"$(DERIVED_FILE_DIR)/Pods-News-checkManifestLockResult.txt",
			);
			runOnlyForDeploymentPostprocessing = 0;
			shellPath = /bin/sh;
			shellScript = "diff \"${PODS_PODFILE_DIR_PATH}/Podfile.lock\" \"${PODS_ROOT}/Manifest.lock\" > /dev/null\nif [ $? != 0 ] ; then\n    # print error to STDERR\n    echo \"error: The sandbox is not in sync with the Podfile.lock. Run 'pod install' or update your CocoaPods installation.\" >&2\n    exit 1\nfi\n# This output is used by Xcode 'outputs' to avoid re-running this script phase.\necho \"SUCCESS\" > \"${SCRIPT_OUTPUT_FILE_0}\"\n";
			showEnvVarsInLog = 0;
		};
		CD49179A9FDB1CF1FDBD0318 /* [CP] Embed Pods Frameworks */ = {
			isa = PBXShellScriptBuildPhase;
			buildActionMask = 2147483647;
			files = (
			);
			inputFileListPaths = (
				"${PODS_ROOT}/Target Support Files/Pods-News/Pods-News-frameworks-${CONFIGURATION}-input-files.xcfilelist",
			);
			name = "[CP] Embed Pods Frameworks";
			outputFileListPaths = (
				"${PODS_ROOT}/Target Support Files/Pods-News/Pods-News-frameworks-${CONFIGURATION}-output-files.xcfilelist",
			);
			runOnlyForDeploymentPostprocessing = 0;
			shellPath = /bin/sh;
			shellScript = "\"${PODS_ROOT}/Target Support Files/Pods-News/Pods-News-frameworks.sh\"\n";
			showEnvVarsInLog = 0;
		};
/* End PBXShellScriptBuildPhase section */

/* Begin PBXSourcesBuildPhase section */
		82D8464428839C8000C766CD /* Sources */ = {
			isa = PBXSourcesBuildPhase;
			buildActionMask = 2147483647;
			files = (
				820799E52A0597F80055C85F /* NewsCategoryCell.swift in Sources */,
				82E7AB682A070C9500452798 /* SettingsListView.swift in Sources */,
				820799CF2A058B690055C85F /* ArticlesListView.swift in Sources */,
				82E7AB6A2A070C9F00452798 /* SettingsListViewViewModel.swift in Sources */,
				82D8466128839CDE00C766CD /* Article.swift in Sources */,
				82808E7B2A310D6F00DEEB16 /* ShakeToGenerateOptionCell.swift in Sources */,
				820799EA2A059FDA0055C85F /* SpeechRecognitionManager.swift in Sources */,
				8284C917288C1F0B00AF71EB /* SearchNewsListView.swift in Sources */,
				82808E792A310C8000DEEB16 /* InteractiveOptionCell.swift in Sources */,
				820799E02A05936C0055C85F /* CurrentCategoryNewsListView.swift in Sources */,
				82D8464E28839C8000C766CD /* NewsTabView.swift in Sources */,
				820799CC2A0588000055C85F /* NewsCategory.swift in Sources */,
				823CBF4B28903AEC0065F33E /* SplashView.swift in Sources */,
				820799E72A05982E0055C85F /* RoundedImageView.swift in Sources */,
				820799E32A0595110055C85F /* AudioPlayer.swift in Sources */,
				820799CA2A0587470055C85F /* TopNewsListViewViewModel.swift in Sources */,
				82079A012A05CBD80055C85F /* RandomNewsListView.swift in Sources */,
				820799C12A0585930055C85F /* NewsService.swift in Sources */,
				82490F512A08155700C9A6CF /* SpringImageView.swift in Sources */,
				820799EF2A05A0DC0055C85F /* SearchNewsListViewViewModel.swift in Sources */,
				820799FA2A05BD4D0055C85F /* Source.swift in Sources */,
				820799C62A0586440055C85F /* TopNewsListView.swift in Sources */,
				82F5E7392A30FC5300469F65 /* View + Extensions.swift in Sources */,
				820799D12A058C760055C85F /* ArticleCell.swift in Sources */,
				82D8464C28839C8000C766CD /* NewsApp.swift in Sources */,
				820799F12A05A4690055C85F /* Categories.swift in Sources */,
				820799F42A05AB680055C85F /* RandomManager.swift in Sources */,
				820799D72A058D7A0055C85F /* NewsCategoriesListView.swift in Sources */,
				820799D92A058DA70055C85F /* NewsCategoriesListViewViewModel.swift in Sources */,
				820799DE2A0592D80055C85F /* CurrentCategoryNewsListViewViewModel.swift in Sources */,
				82D8466028839CDE00C766CD /* NewsCategoryModel.swift in Sources */,
				82E7AB662A070C5D00452798 /* SettingsModel.swift in Sources */,
				820799F82A05BD3B0055C85F /* News.swift in Sources */,
				820799FF2A05CB0F0055C85F /* RandomNewsListViewViewModel.swift in Sources */,
				826263192A27F429003C9E98 /* SettingsSectionModel.swift in Sources */,
				82D846932883C49300C766CD /* WebView.swift in Sources */,
			);
			runOnlyForDeploymentPostprocessing = 0;
		};
/* End PBXSourcesBuildPhase section */

/* Begin XCBuildConfiguration section */
		82D8465428839C8200C766CD /* Debug */ = {
			isa = XCBuildConfiguration;
			buildSettings = {
				ALWAYS_SEARCH_USER_PATHS = NO;
				CLANG_ANALYZER_NONNULL = YES;
				CLANG_ANALYZER_NUMBER_OBJECT_CONVERSION = YES_AGGRESSIVE;
				CLANG_CXX_LANGUAGE_STANDARD = "gnu++17";
				CLANG_ENABLE_MODULES = YES;
				CLANG_ENABLE_OBJC_ARC = YES;
				CLANG_ENABLE_OBJC_WEAK = YES;
				CLANG_WARN_BLOCK_CAPTURE_AUTORELEASING = YES;
				CLANG_WARN_BOOL_CONVERSION = YES;
				CLANG_WARN_COMMA = YES;
				CLANG_WARN_CONSTANT_CONVERSION = YES;
				CLANG_WARN_DEPRECATED_OBJC_IMPLEMENTATIONS = YES;
				CLANG_WARN_DIRECT_OBJC_ISA_USAGE = YES_ERROR;
				CLANG_WARN_DOCUMENTATION_COMMENTS = YES;
				CLANG_WARN_EMPTY_BODY = YES;
				CLANG_WARN_ENUM_CONVERSION = YES;
				CLANG_WARN_INFINITE_RECURSION = YES;
				CLANG_WARN_INT_CONVERSION = YES;
				CLANG_WARN_NON_LITERAL_NULL_CONVERSION = YES;
				CLANG_WARN_OBJC_IMPLICIT_RETAIN_SELF = YES;
				CLANG_WARN_OBJC_LITERAL_CONVERSION = YES;
				CLANG_WARN_OBJC_ROOT_CLASS = YES_ERROR;
				CLANG_WARN_QUOTED_INCLUDE_IN_FRAMEWORK_HEADER = YES;
				CLANG_WARN_RANGE_LOOP_ANALYSIS = YES;
				CLANG_WARN_STRICT_PROTOTYPES = YES;
				CLANG_WARN_SUSPICIOUS_MOVE = YES;
				CLANG_WARN_UNGUARDED_AVAILABILITY = YES_AGGRESSIVE;
				CLANG_WARN_UNREACHABLE_CODE = YES;
				CLANG_WARN__DUPLICATE_METHOD_MATCH = YES;
				COPY_PHASE_STRIP = NO;
				DEBUG_INFORMATION_FORMAT = dwarf;
				ENABLE_STRICT_OBJC_MSGSEND = YES;
				ENABLE_TESTABILITY = YES;
				GCC_C_LANGUAGE_STANDARD = gnu11;
				GCC_DYNAMIC_NO_PIC = NO;
				GCC_NO_COMMON_BLOCKS = YES;
				GCC_OPTIMIZATION_LEVEL = 0;
				GCC_PREPROCESSOR_DEFINITIONS = (
					"DEBUG=1",
					"$(inherited)",
				);
				GCC_WARN_64_TO_32_BIT_CONVERSION = YES;
				GCC_WARN_ABOUT_RETURN_TYPE = YES_ERROR;
				GCC_WARN_UNDECLARED_SELECTOR = YES;
				GCC_WARN_UNINITIALIZED_AUTOS = YES_AGGRESSIVE;
				GCC_WARN_UNUSED_FUNCTION = YES;
				GCC_WARN_UNUSED_VARIABLE = YES;
				IPHONEOS_DEPLOYMENT_TARGET = 15.4;
				MTL_ENABLE_DEBUG_INFO = INCLUDE_SOURCE;
				MTL_FAST_MATH = YES;
				ONLY_ACTIVE_ARCH = YES;
				SDKROOT = iphoneos;
				SWIFT_ACTIVE_COMPILATION_CONDITIONS = DEBUG;
				SWIFT_OPTIMIZATION_LEVEL = "-Onone";
			};
			name = Debug;
		};
		82D8465528839C8200C766CD /* Release */ = {
			isa = XCBuildConfiguration;
			buildSettings = {
				ALWAYS_SEARCH_USER_PATHS = NO;
				CLANG_ANALYZER_NONNULL = YES;
				CLANG_ANALYZER_NUMBER_OBJECT_CONVERSION = YES_AGGRESSIVE;
				CLANG_CXX_LANGUAGE_STANDARD = "gnu++17";
				CLANG_ENABLE_MODULES = YES;
				CLANG_ENABLE_OBJC_ARC = YES;
				CLANG_ENABLE_OBJC_WEAK = YES;
				CLANG_WARN_BLOCK_CAPTURE_AUTORELEASING = YES;
				CLANG_WARN_BOOL_CONVERSION = YES;
				CLANG_WARN_COMMA = YES;
				CLANG_WARN_CONSTANT_CONVERSION = YES;
				CLANG_WARN_DEPRECATED_OBJC_IMPLEMENTATIONS = YES;
				CLANG_WARN_DIRECT_OBJC_ISA_USAGE = YES_ERROR;
				CLANG_WARN_DOCUMENTATION_COMMENTS = YES;
				CLANG_WARN_EMPTY_BODY = YES;
				CLANG_WARN_ENUM_CONVERSION = YES;
				CLANG_WARN_INFINITE_RECURSION = YES;
				CLANG_WARN_INT_CONVERSION = YES;
				CLANG_WARN_NON_LITERAL_NULL_CONVERSION = YES;
				CLANG_WARN_OBJC_IMPLICIT_RETAIN_SELF = YES;
				CLANG_WARN_OBJC_LITERAL_CONVERSION = YES;
				CLANG_WARN_OBJC_ROOT_CLASS = YES_ERROR;
				CLANG_WARN_QUOTED_INCLUDE_IN_FRAMEWORK_HEADER = YES;
				CLANG_WARN_RANGE_LOOP_ANALYSIS = YES;
				CLANG_WARN_STRICT_PROTOTYPES = YES;
				CLANG_WARN_SUSPICIOUS_MOVE = YES;
				CLANG_WARN_UNGUARDED_AVAILABILITY = YES_AGGRESSIVE;
				CLANG_WARN_UNREACHABLE_CODE = YES;
				CLANG_WARN__DUPLICATE_METHOD_MATCH = YES;
				COPY_PHASE_STRIP = NO;
				DEBUG_INFORMATION_FORMAT = "dwarf-with-dsym";
				ENABLE_NS_ASSERTIONS = NO;
				ENABLE_STRICT_OBJC_MSGSEND = YES;
				GCC_C_LANGUAGE_STANDARD = gnu11;
				GCC_NO_COMMON_BLOCKS = YES;
				GCC_WARN_64_TO_32_BIT_CONVERSION = YES;
				GCC_WARN_ABOUT_RETURN_TYPE = YES_ERROR;
				GCC_WARN_UNDECLARED_SELECTOR = YES;
				GCC_WARN_UNINITIALIZED_AUTOS = YES_AGGRESSIVE;
				GCC_WARN_UNUSED_FUNCTION = YES;
				GCC_WARN_UNUSED_VARIABLE = YES;
				IPHONEOS_DEPLOYMENT_TARGET = 15.4;
				MTL_ENABLE_DEBUG_INFO = NO;
				MTL_FAST_MATH = YES;
				SDKROOT = iphoneos;
				SWIFT_COMPILATION_MODE = wholemodule;
				SWIFT_OPTIMIZATION_LEVEL = "-O";
				VALIDATE_PRODUCT = YES;
			};
			name = Release;
		};
		82D8465728839C8200C766CD /* Debug */ = {
			isa = XCBuildConfiguration;
			baseConfigurationReference = 3B91602091C3805AB88BF365 /* Pods-News.debug.xcconfig */;
			buildSettings = {
				ASSETCATALOG_COMPILER_ALTERNATE_APPICON_NAMES = "AppIcon 8 AppIcon 7 AppIcon 6 AppIcon 5 AppIcon 4 AppIcon 3 AppIcon 2 AppIcon 1";
				ASSETCATALOG_COMPILER_APPICON_NAME = AppIcon;
				ASSETCATALOG_COMPILER_GLOBAL_ACCENT_COLOR_NAME = AccentColor;
				ASSETCATALOG_COMPILER_INCLUDE_ALL_APPICON_ASSETS = YES;
				CODE_SIGN_STYLE = Automatic;
				CURRENT_PROJECT_VERSION = 1;
				DEVELOPMENT_ASSET_PATHS = "\"News/sources/app/Preview Content\"";
				DEVELOPMENT_TEAM = 265GKHT32M;
				ENABLE_PREVIEWS = YES;
				GENERATE_INFOPLIST_FILE = YES;
				INFOPLIST_FILE = News/sources/app/Info.plist;
				INFOPLIST_KEY_CFBundleDisplayName = "Новости 2023";
				INFOPLIST_KEY_NSMicrophoneUsageDescription = "";
				INFOPLIST_KEY_NSSpeechRecognitionUsageDescription = "";
				INFOPLIST_KEY_UIApplicationSceneManifest_Generation = YES;
				INFOPLIST_KEY_UIApplicationSupportsIndirectInputEvents = YES;
				INFOPLIST_KEY_UILaunchScreen_Generation = YES;
				INFOPLIST_KEY_UISupportedInterfaceOrientations_iPad = "UIInterfaceOrientationPortrait UIInterfaceOrientationPortraitUpsideDown UIInterfaceOrientationLandscapeLeft UIInterfaceOrientationLandscapeRight";
				INFOPLIST_KEY_UISupportedInterfaceOrientations_iPhone = "UIInterfaceOrientationPortrait UIInterfaceOrientationLandscapeLeft UIInterfaceOrientationLandscapeRight";
				IPHONEOS_DEPLOYMENT_TARGET = 15.0;
				LD_RUNPATH_SEARCH_PATHS = (
					"$(inherited)",
					"@executable_path/Frameworks",
				);
				MARKETING_VERSION = 1.0;
				PRODUCT_BUNDLE_IDENTIFIER = com.News2023;
				PRODUCT_NAME = "$(TARGET_NAME)";
				SWIFT_EMIT_LOC_STRINGS = YES;
				SWIFT_VERSION = 5.0;
				TARGETED_DEVICE_FAMILY = "1,2";
			};
			name = Debug;
		};
		82D8465828839C8200C766CD /* Release */ = {
			isa = XCBuildConfiguration;
			baseConfigurationReference = B56764FAE09A66810075B858 /* Pods-News.release.xcconfig */;
			buildSettings = {
				ASSETCATALOG_COMPILER_ALTERNATE_APPICON_NAMES = "AppIcon 8 AppIcon 7 AppIcon 6 AppIcon 5 AppIcon 4 AppIcon 3 AppIcon 2 AppIcon 1";
				ASSETCATALOG_COMPILER_APPICON_NAME = AppIcon;
				ASSETCATALOG_COMPILER_GLOBAL_ACCENT_COLOR_NAME = AccentColor;
				ASSETCATALOG_COMPILER_INCLUDE_ALL_APPICON_ASSETS = YES;
				CODE_SIGN_STYLE = Automatic;
				CURRENT_PROJECT_VERSION = 1;
				DEVELOPMENT_ASSET_PATHS = "\"News/sources/app/Preview Content\"";
				DEVELOPMENT_TEAM = 265GKHT32M;
				ENABLE_PREVIEWS = YES;
				GENERATE_INFOPLIST_FILE = YES;
				INFOPLIST_FILE = News/sources/app/Info.plist;
				INFOPLIST_KEY_CFBundleDisplayName = "Новости 2023";
				INFOPLIST_KEY_NSMicrophoneUsageDescription = "";
				INFOPLIST_KEY_NSSpeechRecognitionUsageDescription = "";
				INFOPLIST_KEY_UIApplicationSceneManifest_Generation = YES;
				INFOPLIST_KEY_UIApplicationSupportsIndirectInputEvents = YES;
				INFOPLIST_KEY_UILaunchScreen_Generation = YES;
				INFOPLIST_KEY_UISupportedInterfaceOrientations_iPad = "UIInterfaceOrientationPortrait UIInterfaceOrientationPortraitUpsideDown UIInterfaceOrientationLandscapeLeft UIInterfaceOrientationLandscapeRight";
				INFOPLIST_KEY_UISupportedInterfaceOrientations_iPhone = "UIInterfaceOrientationPortrait UIInterfaceOrientationLandscapeLeft UIInterfaceOrientationLandscapeRight";
				IPHONEOS_DEPLOYMENT_TARGET = 15.0;
				LD_RUNPATH_SEARCH_PATHS = (
					"$(inherited)",
					"@executable_path/Frameworks",
				);
				MARKETING_VERSION = 1.0;
				PRODUCT_BUNDLE_IDENTIFIER = com.News2023;
				PRODUCT_NAME = "$(TARGET_NAME)";
				SWIFT_EMIT_LOC_STRINGS = YES;
				SWIFT_VERSION = 5.0;
				TARGETED_DEVICE_FAMILY = "1,2";
			};
			name = Release;
		};
/* End XCBuildConfiguration section */

/* Begin XCConfigurationList section */
		82D8464328839C8000C766CD /* Build configuration list for PBXProject "News" */ = {
			isa = XCConfigurationList;
			buildConfigurations = (
				82D8465428839C8200C766CD /* Debug */,
				82D8465528839C8200C766CD /* Release */,
			);
			defaultConfigurationIsVisible = 0;
			defaultConfigurationName = Release;
		};
		82D8465628839C8200C766CD /* Build configuration list for PBXNativeTarget "News" */ = {
			isa = XCConfigurationList;
			buildConfigurations = (
				82D8465728839C8200C766CD /* Debug */,
				82D8465828839C8200C766CD /* Release */,
			);
			defaultConfigurationIsVisible = 0;
			defaultConfigurationName = Release;
		};
/* End XCConfigurationList section */

/* Begin XCRemoteSwiftPackageReference section */
		82C2A845288EE40400CD18E2 /* XCRemoteSwiftPackageReference "HidableTabView-SwiftUI" */ = {
			isa = XCRemoteSwiftPackageReference;
			repositoryURL = "https://github.com/AliMert/HidableTabView-SwiftUI";
			requirement = {
				kind = upToNextMajorVersion;
				minimumVersion = 1.0.0;
			};
		};
/* End XCRemoteSwiftPackageReference section */

/* Begin XCSwiftPackageProductDependency section */
		82C2A846288EE40400CD18E2 /* HidableTabView */ = {
			isa = XCSwiftPackageProductDependency;
			package = 82C2A845288EE40400CD18E2 /* XCRemoteSwiftPackageReference "HidableTabView-SwiftUI" */;
			productName = HidableTabView;
		};
/* End XCSwiftPackageProductDependency section */
	};
	rootObject = 82D8464028839C8000C766CD /* Project object */;
}
